
Microsoft Visual Studio Solution File, Format Version 12.00
# Visual Studio Version 17
VisualStudioVersion = 17.2.32526.322
MinimumVisualStudioVersion = 10.0.40219.1
Project("{FAE04EC0-301F-11D3-BF4B-00C04F79EFBC}") = "WpfApp005", "WpfApp005\WpfApp005.csproj", "{D3BAE451-47E8-4E4E-973D-D346D5012F20}"
EndProject
Global
	GlobalSection(SolutionConfigurationPlatforms) = preSolution
		Debug|Any CPU = Debug|Any CPU
		Release|Any CPU = Release|Any CPU
	EndGlobalSection
	GlobalSection(ProjectConfigurationPlatforms) = postSolution
		{D3BAE451-47E8-4E4E-973D-D346D5012F20}.Debug|Any CPU.ActiveCfg = Debug|Any CPU
		{D3BAE451-47E8-4E4E-973D-D346D5012F20}.Debug|Any CPU.Build.0 = Debug|Any CPU
		{D3BAE451-47E8-4E4E-973D-D346D5012F20}.Release|Any CPU.ActiveCfg = Release|Any CPU
		{D3BAE451-47E8-4E4E-973D-D346D5012F20}.Release|Any CPU.Build.0 = Release|Any CPU
	EndGlobalSection
	GlobalSection(SolutionProperties) = preSolution
		HideSolutionNode = FALSE
	EndGlobalSection
	GlobalSection(ExtensibilityGlobals) = postSolution
		SolutionGuid = {B80C20AC-13B7-4D03-AB0E-0CF18F5051B9}
	EndGlobalSection
EndGlobal
